// !$*UTF8*$!
{
	archiveVersion = 1;
	classes = {
	};
	objectVersion = 51;
	objects = {

/* Begin PBXBuildFile section */
		DFB04956D084AF18DB56608E /* Pods_AppTest2.framework in Frameworks */ = {isa = PBXBuildFile; fileRef = 6B25561451354008000790F5 /* Pods_AppTest2.framework */; };
		F067B83B246E8A7200B7B4C6 /* AppDelegate.swift in Sources */ = {isa = PBXBuildFile; fileRef = F067B83A246E8A7200B7B4C6 /* AppDelegate.swift */; };
		F067B83D246E8A7200B7B4C6 /* TableViewController.swift in Sources */ = {isa = PBXBuildFile; fileRef = F067B83C246E8A7200B7B4C6 /* TableViewController.swift */; };
		F067B840246E8A7200B7B4C6 /* Main.storyboard in Resources */ = {isa = PBXBuildFile; fileRef = F067B83E246E8A7200B7B4C6 /* Main.storyboard */; };
		F067B842246E8A7300B7B4C6 /* Assets.xcassets in Resources */ = {isa = PBXBuildFile; fileRef = F067B841246E8A7300B7B4C6 /* Assets.xcassets */; };
		F067B845246E8A7300B7B4C6 /* LaunchScreen.storyboard in Resources */ = {isa = PBXBuildFile; fileRef = F067B843246E8A7300B7B4C6 /* LaunchScreen.storyboard */; };
		F067B859246E997D00B7B4C6 /* User.swift in Sources */ = {isa = PBXBuildFile; fileRef = F067B858246E997D00B7B4C6 /* User.swift */; };
		F067B85B246EA51F00B7B4C6 /* TableViewCell.swift in Sources */ = {isa = PBXBuildFile; fileRef = F067B85A246EA51F00B7B4C6 /* TableViewCell.swift */; };
/* End PBXBuildFile section */

/* Begin PBXFileReference section */
		6B25561451354008000790F5 /* Pods_AppTest2.framework */ = {isa = PBXFileReference; explicitFileType = wrapper.framework; includeInIndex = 0; path = Pods_AppTest2.framework; sourceTree = BUILT_PRODUCTS_DIR; };
		B2351EBBBE023DA7C30D071C /* Pods-AppTest2.debug.xcconfig */ = {isa = PBXFileReference; includeInIndex = 1; lastKnownFileType = text.xcconfig; name = "Pods-AppTest2.debug.xcconfig"; path = "Target Support Files/Pods-AppTest2/Pods-AppTest2.debug.xcconfig"; sourceTree = "<group>"; };
		BA63FB67B6AC96CD573EF675 /* Pods-AppTest2.release.xcconfig */ = {isa = PBXFileReference; includeInIndex = 1; lastKnownFileType = text.xcconfig; name = "Pods-AppTest2.release.xcconfig"; path = "Target Support Files/Pods-AppTest2/Pods-AppTest2.release.xcconfig"; sourceTree = "<group>"; };
		F067B837246E8A7200B7B4C6 /* AppTest2.app */ = {isa = PBXFileReference; explicitFileType = wrapper.application; includeInIndex = 0; path = AppTest2.app; sourceTree = BUILT_PRODUCTS_DIR; };
		F067B83A246E8A7200B7B4C6 /* AppDelegate.swift */ = {isa = PBXFileReference; lastKnownFileType = sourcecode.swift; path = AppDelegate.swift; sourceTree = "<group>"; };
		F067B83C246E8A7200B7B4C6 /* TableViewController.swift */ = {isa = PBXFileReference; lastKnownFileType = sourcecode.swift; path = TableViewController.swift; sourceTree = "<group>"; };
		F067B83F246E8A7200B7B4C6 /* Base */ = {isa = PBXFileReference; lastKnownFileType = file.storyboard; name = Base; path = Base.lproj/Main.storyboard; sourceTree = "<group>"; };
		F067B841246E8A7300B7B4C6 /* Assets.xcassets */ = {isa = PBXFileReference; lastKnownFileType = folder.assetcatalog; path = Assets.xcassets; sourceTree = "<group>"; };
		F067B844246E8A7300B7B4C6 /* Base */ = {isa = PBXFileReference; lastKnownFileType = file.storyboard; name = Base; path = Base.lproj/LaunchScreen.storyboard; sourceTree = "<group>"; };
		F067B846246E8A7300B7B4C6 /* Info.plist */ = {isa = PBXFileReference; lastKnownFileType = text.plist.xml; path = Info.plist; sourceTree = "<group>"; };
		F067B858246E997D00B7B4C6 /* User.swift */ = {isa = PBXFileReference; lastKnownFileType = sourcecode.swift; path = User.swift; sourceTree = "<group>"; };
		F067B85A246EA51F00B7B4C6 /* TableViewCell.swift */ = {isa = PBXFileReference; lastKnownFileType = sourcecode.swift; path = TableViewCell.swift; sourceTree = "<group>"; };
/* End PBXFileReference section */

/* Begin PBXFrameworksBuildPhase section */
		F067B834246E8A7200B7B4C6 /* Frameworks */ = {
			isa = PBXFrameworksBuildPhase;
			buildActionMask = 2147483647;
			files = (
				DFB04956D084AF18DB56608E /* Pods_AppTest2.framework in Frameworks */,
			);
			runOnlyForDeploymentPostprocessing = 0;
		};
/* End PBXFrameworksBuildPhase section */

/* Begin PBXGroup section */
		60B184E2AEE4B5E3AEB8FBC4 /* Frameworks */ = {
			isa = PBXGroup;
			children = (
				6B25561451354008000790F5 /* Pods_AppTest2.framework */,
			);
			name = Frameworks;
			sourceTree = "<group>";
		};
		E521A532F8228C0785D87B85 /* Pods */ = {
			isa = PBXGroup;
			children = (
				B2351EBBBE023DA7C30D071C /* Pods-AppTest2.debug.xcconfig */,
				BA63FB67B6AC96CD573EF675 /* Pods-AppTest2.release.xcconfig */,
			);
			path = Pods;
			sourceTree = "<group>";
		};
		F067B82E246E8A7200B7B4C6 = {
			isa = PBXGroup;
			children = (
				F067B839246E8A7200B7B4C6 /* AppTest2 */,
				F067B838246E8A7200B7B4C6 /* Products */,
				E521A532F8228C0785D87B85 /* Pods */,
				60B184E2AEE4B5E3AEB8FBC4 /* Frameworks */,
			);
			sourceTree = "<group>";
		};
		F067B838246E8A7200B7B4C6 /* Products */ = {
			isa = PBXGroup;
			children = (
				F067B837246E8A7200B7B4C6 /* AppTest2.app */,
			);
			name = Products;
			sourceTree = "<group>";
		};
		F067B839246E8A7200B7B4C6 /* AppTest2 */ = {
			isa = PBXGroup;
			children = (
				F067B83A246E8A7200B7B4C6 /* AppDelegate.swift */,
				F067B83C246E8A7200B7B4C6 /* TableViewController.swift */,
				F067B85A246EA51F00B7B4C6 /* TableViewCell.swift */,
				F067B83E246E8A7200B7B4C6 /* Main.storyboard */,
				F067B841246E8A7300B7B4C6 /* Assets.xcassets */,
				F067B843246E8A7300B7B4C6 /* LaunchScreen.storyboard */,
				F067B846246E8A7300B7B4C6 /* Info.plist */,
				F067B858246E997D00B7B4C6 /* User.swift */,
			);
			path = AppTest2;
			sourceTree = "<group>";
		};
/* End PBXGroup section */

/* Begin PBXNativeTarget section */
		F067B836246E8A7200B7B4C6 /* AppTest2 */ = {
			isa = PBXNativeTarget;
			buildConfigurationList = F067B849246E8A7300B7B4C6 /* Build configuration list for PBXNativeTarget "AppTest2" */;
			buildPhases = (
				45B1AB2817E584AEEEB460F8 /* [CP] Check Pods Manifest.lock */,
				F067B833246E8A7200B7B4C6 /* Sources */,
				F067B834246E8A7200B7B4C6 /* Frameworks */,
				F067B835246E8A7200B7B4C6 /* Resources */,
				A8F666879A5CAD4CE90B3707 /* [CP] Embed Pods Frameworks */,
			);
			buildRules = (
			);
			dependencies = (
			);
			name = AppTest2;
			productName = AppTest2;
			productReference = F067B837246E8A7200B7B4C6 /* AppTest2.app */;
			productType = "com.apple.product-type.application";
		};
/* End PBXNativeTarget section */

/* Begin PBXProject section */
		F067B82F246E8A7200B7B4C6 /* Project object */ = {
			isa = PBXProject;
			attributes = {
				LastSwiftUpdateCheck = 1010;
				LastUpgradeCheck = 1010;
				ORGANIZATIONNAME = "Pham Tu";
				TargetAttributes = {
					F067B836246E8A7200B7B4C6 = {
						CreatedOnToolsVersion = 10.1;
					};
				};
			};
			buildConfigurationList = F067B832246E8A7200B7B4C6 /* Build configuration list for PBXProject "AppTest2" */;
			compatibilityVersion = "Xcode 9.3";
			developmentRegion = en;
			hasScannedForEncodings = 0;
			knownRegions = (
				en,
				Base,
			);
			mainGroup = F067B82E246E8A7200B7B4C6;
			productRefGroup = F067B838246E8A7200B7B4C6 /* Products */;
			projectDirPath = "";
			projectRoot = "";
			targets = (
				F067B836246E8A7200B7B4C6 /* AppTest2 */,
			);
		};
/* End PBXProject section */

/* Begin PBXResourcesBuildPhase section */
		F067B835246E8A7200B7B4C6 /* Resources */ = {
			isa = PBXResourcesBuildPhase;
			buildActionMask = 2147483647;
			files = (
				F067B845246E8A7300B7B4C6 /* LaunchScreen.storyboard in Resources */,
				F067B842246E8A7300B7B4C6 /* Assets.xcassets in Resources */,
				F067B840246E8A7200B7B4C6 /* Main.storyboard in Resources */,
			);
			runOnlyForDeploymentPostprocessing = 0;
		};
/* End PBXResourcesBuildPhase section */

/* Begin PBXShellScriptBuildPhase section */
		45B1AB2817E584AEEEB460F8 /* [CP] Check Pods Manifest.lock */ = {
			isa = PBXShellScriptBuildPhase;
			buildActionMask = 2147483647;
			files = (
			);
			inputFileListPaths = (
			);
			inputPaths = (
				"${PODS_PODFILE_DIR_PATH}/Podfile.lock",
				"${PODS_ROOT}/Manifest.lock",
			);
			name = "[CP] Check Pods Manifest.lock";
			outputFileListPaths = (
			);
			outputPaths = (
				"$(DERIVED_FILE_DIR)/Pods-AppTest2-checkManifestLockResult.txt",
			);
			runOnlyForDeploymentPostprocessing = 0;
			shellPath = /bin/sh;
			shellScript = "diff \"${PODS_PODFILE_DIR_PATH}/Podfile.lock\" \"${PODS_ROOT}/Manifest.lock\" > /dev/null\nif [ $? != 0 ] ; then\n    # print error to STDERR\n    echo \"error: The sandbox is not in sync with the Podfile.lock. Run 'pod install' or update your CocoaPods installation.\" >&2\n    exit 1\nfi\n# This output is used by Xcode 'outputs' to avoid re-running this script phase.\necho \"SUCCESS\" > \"${SCRIPT_OUTPUT_FILE_0}\"\n";
			showEnvVarsInLog = 0;
		};
		A8F666879A5CAD4CE90B3707 /* [CP] Embed Pods Frameworks */ = {
			isa = PBXShellScriptBuildPhase;
			buildActionMask = 2147483647;
			files = (
			);
			inputFileListPaths = (
				"${PODS_ROOT}/Target Support Files/Pods-AppTest2/Pods-AppTest2-frameworks-${CONFIGURATION}-input-files.xcfilelist",
			);
			name = "[CP] Embed Pods Frameworks";
			outputFileListPaths = (
				"${PODS_ROOT}/Target Support Files/Pods-AppTest2/Pods-AppTest2-frameworks-${CONFIGURATION}-output-files.xcfilelist",
			);
			runOnlyForDeploymentPostprocessing = 0;
			shellPath = /bin/sh;
			shellScript = "\"${PODS_ROOT}/Target Support Files/Pods-AppTest2/Pods-AppTest2-frameworks.sh\"\n";
			showEnvVarsInLog = 0;
		};
/* End PBXShellScriptBuildPhase section */

/* Begin PBXSourcesBuildPhase section */
		F067B833246E8A7200B7B4C6 /* Sources */ = {
			isa = PBXSourcesBuildPhase;
			buildActionMask = 2147483647;
			files = (
				F067B83D246E8A7200B7B4C6 /* TableViewController.swift in Sources */,
				F067B85B246EA51F00B7B4C6 /* TableViewCell.swift in Sources */,
				F067B83B246E8A7200B7B4C6 /* AppDelegate.swift in Sources */,
				F067B859246E997D00B7B4C6 /* User.swift in Sources */,
			);
			runOnlyForDeploymentPostprocessing = 0;
		};
/* End PBXSourcesBuildPhase section */

/* Begin PBXVariantGroup section */
		F067B83E246E8A7200B7B4C6 /* Main.storyboard */ = {
			isa = PBXVariantGroup;
			children = (
				F067B83F246E8A7200B7B4C6 /* Base */,
			);
			name = Main.storyboard;
			sourceTree = "<group>";
		};
		F067B843246E8A7300B7B4C6 /* LaunchScreen.storyboard */ = {
			isa = PBXVariantGroup;
			children = (
				F067B844246E8A7300B7B4C6 /* Base */,
			);
			name = LaunchScreen.storyboard;
			sourceTree = "<group>";
		};
/* End PBXVariantGroup section */

/* Begin XCBuildConfiguration section */
		F067B847246E8A7300B7B4C6 /* Debug */ = {
			isa = XCBuildConfiguration;
			buildSettings = {
				ALWAYS_SEARCH_USER_PATHS = NO;
				CLANG_ANALYZER_NONNULL = YES;
				CLANG_ANALYZER_NUMBER_OBJECT_CONVERSION = YES_AGGRESSIVE;
				CLANG_CXX_LANGUAGE_STANDARD = "gnu++14";
				CLANG_CXX_LIBRARY = "libc++";
				CLANG_ENABLE_MODULES = YES;
				CLANG_ENABLE_OBJC_ARC = YES;
				CLANG_ENABLE_OBJC_WEAK = YES;
				CLANG_WARN_BLOCK_CAPTURE_AUTORELEASING = YES;
				CLANG_WARN_BOOL_CONVERSION = YES;
				CLANG_WARN_COMMA = YES;
				CLANG_WARN_CONSTANT_CONVERSION = YES;
				CLANG_WARN_DEPRECATED_OBJC_IMPLEMENTATIONS = YES;
				CLANG_WARN_DIRECT_OBJC_ISA_USAGE = YES_ERROR;
				CLANG_WARN_DOCUMENTATION_COMMENTS = YES;
				CLANG_WARN_EMPTY_BODY = YES;
				CLANG_WARN_ENUM_CONVERSION = YES;
				CLANG_WARN_INFINITE_RECURSION = YES;
				CLANG_WARN_INT_CONVERSION = YES;
				CLANG_WARN_NON_LITERAL_NULL_CONVERSION = YES;
				CLANG_WARN_OBJC_IMPLICIT_RETAIN_SELF = YES;
				CLANG_WARN_OBJC_LITERAL_CONVERSION = YES;
				CLANG_WARN_OBJC_ROOT_CLASS = YES_ERROR;
				CLANG_WARN_RANGE_LOOP_ANALYSIS = YES;
				CLANG_WARN_STRICT_PROTOTYPES = YES;
				CLANG_WARN_SUSPICIOUS_MOVE = YES;
				CLANG_WARN_UNGUARDED_AVAILABILITY = YES_AGGRESSIVE;
				CLANG_WARN_UNREACHABLE_CODE = YES;
				CLANG_WARN__DUPLICATE_METHOD_MATCH = YES;
				CODE_SIGN_IDENTITY = "iPhone Developer";
				COPY_PHASE_STRIP = NO;
				DEBUG_INFORMATION_FORMAT = dwarf;
				ENABLE_STRICT_OBJC_MSGSEND = YES;
				ENABLE_TESTABILITY = YES;
				GCC_C_LANGUAGE_STANDARD = gnu11;
				GCC_DYNAMIC_NO_PIC = NO;
				GCC_NO_COMMON_BLOCKS = YES;
				GCC_OPTIMIZATION_LEVEL = 0;
				GCC_PREPROCESSOR_DEFINITIONS = (
					"DEBUG=1",
					"$(inherited)",
				);
				GCC_WARN_64_TO_32_BIT_CONVERSION = YES;
				GCC_WARN_ABOUT_RETURN_TYPE = YES_ERROR;
				GCC_WARN_UNDECLARED_SELECTOR = YES;
				GCC_WARN_UNINITIALIZED_AUTOS = YES_AGGRESSIVE;
				GCC_WARN_UNUSED_FUNCTION = YES;
				GCC_WARN_UNUSED_VARIABLE = YES;
				IPHONEOS_DEPLOYMENT_TARGET = 12.1;
				MTL_ENABLE_DEBUG_INFO = INCLUDE_SOURCE;
				MTL_FAST_MATH = YES;
				ONLY_ACTIVE_ARCH = YES;
				SDKROOT = iphoneos;
				SWIFT_ACTIVE_COMPILATION_CONDITIONS = DEBUG;
				SWIFT_OPTIMIZATION_LEVEL = "-Onone";
			};
			name = Debug;
		};
		F067B848246E8A7300B7B4C6 /* Release */ = {
			isa = XCBuildConfiguration;
			buildSettings = {
				ALWAYS_SEARCH_USER_PATHS = NO;
				CLANG_ANALYZER_NONNULL = YES;
				CLANG_ANALYZER_NUMBER_OBJECT_CONVERSION = YES_AGGRESSIVE;
				CLANG_CXX_LANGUAGE_STANDARD = "gnu++14";
				CLANG_CXX_LIBRARY = "libc++";
				CLANG_ENABLE_MODULES = YES;
				CLANG_ENABLE_OBJC_ARC = YES;
				CLANG_ENABLE_OBJC_WEAK = YES;
				CLANG_WARN_BLOCK_CAPTURE_AUTORELEASING = YES;
				CLANG_WARN_BOOL_CONVERSION = YES;
				CLANG_WARN_COMMA = YES;
				CLANG_WARN_CONSTANT_CONVERSION = YES;
				CLANG_WARN_DEPRECATED_OBJC_IMPLEMENTATIONS = YES;
				CLANG_WARN_DIRECT_OBJC_ISA_USAGE = YES_ERROR;
				CLANG_WARN_DOCUMENTATION_COMMENTS = YES;
				CLANG_WARN_EMPTY_BODY = YES;
				CLANG_WARN_ENUM_CONVERSION = YES;
				CLANG_WARN_INFINITE_RECURSION = YES;
				CLANG_WARN_INT_CONVERSION = YES;
				CLANG_WARN_NON_LITERAL_NULL_CONVERSION = YES;
				CLANG_WARN_OBJC_IMPLICIT_RETAIN_SELF = YES;
				CLANG_WARN_OBJC_LITERAL_CONVERSION = YES;
				CLANG_WARN_OBJC_ROOT_CLASS = YES_ERROR;
				CLANG_WARN_RANGE_LOOP_ANALYSIS = YES;
				CLANG_WARN_STRICT_PROTOTYPES = YES;
				CLANG_WARN_SUSPICIOUS_MOVE = YES;
				CLANG_WARN_UNGUARDED_AVAILABILITY = YES_AGGRESSIVE;
				CLANG_WARN_UNREACHABLE_CODE = YES;
				CLANG_WARN__DUPLICATE_METHOD_MATCH = YES;
				CODE_SIGN_IDENTITY = "iPhone Developer";
				COPY_PHASE_STRIP = NO;
				DEBUG_INFORMATION_FORMAT = "dwarf-with-dsym";
				ENABLE_NS_ASSERTIONS = NO;
				ENABLE_STRICT_OBJC_MSGSEND = YES;
				GCC_C_LANGUAGE_STANDARD = gnu11;
				GCC_NO_COMMON_BLOCKS = YES;
				GCC_WARN_64_TO_32_BIT_CONVERSION = YES;
				GCC_WARN_ABOUT_RETURN_TYPE = YES_ERROR;
				GCC_WARN_UNDECLARED_SELECTOR = YES;
				GCC_WARN_UNINITIALIZED_AUTOS = YES_AGGRESSIVE;
				GCC_WARN_UNUSED_FUNCTION = YES;
				GCC_WARN_UNUSED_VARIABLE = YES;
				IPHONEOS_DEPLOYMENT_TARGET = 12.1;
				MTL_ENABLE_DEBUG_INFO = NO;
				MTL_FAST_MATH = YES;
				SDKROOT = iphoneos;
				SWIFT_COMPILATION_MODE = wholemodule;
				SWIFT_OPTIMIZATION_LEVEL = "-O";
				VALIDATE_PRODUCT = YES;
			};
			name = Release;
		};
		F067B84A246E8A7300B7B4C6 /* Debug */ = {
			isa = XCBuildConfiguration;
			baseConfigurationReference = B2351EBBBE023DA7C30D071C /* Pods-AppTest2.debug.xcconfig */;
			buildSettings = {
				ASSETCATALOG_COMPILER_APPICON_NAME = AppIcon;
				CODE_SIGN_STYLE = Automatic;
				DEVELOPMENT_TEAM = Z2GCT259CX;
				INFOPLIST_FILE = AppTest2/Info.plist;
				LD_RUNPATH_SEARCH_PATHS = (
					"$(inherited)",
					"@executable_path/Frameworks",
				);
				PRODUCT_BUNDLE_IDENTIFIER = com.tupham.AppTest2;
				PRODUCT_NAME = "$(TARGET_NAME)";
				SWIFT_VERSION = 4.2;
				TARGETED_DEVICE_FAMILY = "1,2";
			};
			name = Debug;
		};
		F067B84B246E8A7300B7B4C6 /* Release */ = {
			isa = XCBuildConfiguration;
			baseConfigurationReference = BA63FB67B6AC96CD573EF675 /* Pods-AppTest2.release.xcconfig */;
			buildSettings = {
				ASSETCATALOG_COMPILER_APPICON_NAME = AppIcon;
				CODE_SIGN_STYLE = Automatic;
				DEVELOPMENT_TEAM = Z2GCT259CX;
				INFOPLIST_FILE = AppTest2/Info.plist;
				LD_RUNPATH_SEARCH_PATHS = (
					"$(inherited)",
					"@executable_path/Frameworks",
				);
				PRODUCT_BUNDLE_IDENTIFIER = com.tupham.AppTest2;
				PRODUCT_NAME = "$(TARGET_NAME)";
				SWIFT_VERSION = 4.2;
				TARGETED_DEVICE_FAMILY = "1,2";
			};
			name = Release;
		};
/* End XCBuildConfiguration section */

/* Begin XCConfigurationList section */
		F067B832246E8A7200B7B4C6 /* Build configuration list for PBXProject "AppTest2" */ = {
			isa = XCConfigurationList;
			buildConfigurations = (
				F067B847246E8A7300B7B4C6 /* Debug */,
				F067B848246E8A7300B7B4C6 /* Release */,
			);
			defaultConfigurationIsVisible = 0;
			defaultConfigurationName = Release;
		};
		F067B849246E8A7300B7B4C6 /* Build configuration list for PBXNativeTarget "AppTest2" */ = {
			isa = XCConfigurationList;
			buildConfigurations = (
				F067B84A246E8A7300B7B4C6 /* Debug */,
				F067B84B246E8A7300B7B4C6 /* Release */,
			);
			defaultConfigurationIsVisible = 0;
			defaultConfigurationName = Release;
		};
/* End XCConfigurationList section */
	};
	rootObject = F067B82F246E8A7200B7B4C6 /* Project object */;
}
